
Microsoft Visual Studio Solution File, Format Version 12.00
# Visual Studio 15
VisualStudioVersion = 15.0.28307.168
MinimumVisualStudioVersion = 10.0.40219.1
Project("{FAE04EC0-301F-11D3-BF4B-00C04F79EFBC}") = "KutuphaneOtomasyonu", "KutuphaneOtomasyonu\KutuphaneOtomasyonu.csproj", "{B6AEB90A-D6DB-4873-BF3F-F5721AA3CAC6}"
EndProject
Project("{FAE04EC0-301F-11D3-BF4B-00C04F79EFBC}") = "KutuphaneOtomasyonu.Lib", "KutuphaneOtomasyonu.Lib\KutuphaneOtomasyonu.Lib.csproj", "{C89AFF4E-9221-4889-ABDC-FBD8F977B99A}"
EndProject
Global
	GlobalSection(SolutionConfigurationPlatforms) = preSolution
		Debug|Any CPU = Debug|Any CPU
		Release|Any CPU = Release|Any CPU
	EndGlobalSection
	GlobalSection(ProjectConfigurationPlatforms) = postSolution
		{B6AEB90A-D6DB-4873-BF3F-F5721AA3CAC6}.Debug|Any CPU.ActiveCfg = Debug|Any CPU
		{B6AEB90A-D6DB-4873-BF3F-F5721AA3CAC6}.Debug|Any CPU.Build.0 = Debug|Any CPU
		{B6AEB90A-D6DB-4873-BF3F-F5721AA3CAC6}.Release|Any CPU.ActiveCfg = Release|Any CPU
		{B6AEB90A-D6DB-4873-BF3F-F5721AA3CAC6}.Release|Any CPU.Build.0 = Release|Any CPU
		{C89AFF4E-9221-4889-ABDC-FBD8F977B99A}.Debug|Any CPU.ActiveCfg = Debug|Any CPU
		{C89AFF4E-9221-4889-ABDC-FBD8F977B99A}.Debug|Any CPU.Build.0 = Debug|Any CPU
		{C89AFF4E-9221-4889-ABDC-FBD8F977B99A}.Release|Any CPU.ActiveCfg = Release|Any CPU
		{C89AFF4E-9221-4889-ABDC-FBD8F977B99A}.Release|Any CPU.Build.0 = Release|Any CPU
	EndGlobalSection
	GlobalSection(SolutionProperties) = preSolution
		HideSolutionNode = FALSE
	EndGlobalSection
	GlobalSection(ExtensibilityGlobals) = postSolution
		SolutionGuid = {1491E0FB-D1A8-4D17-9B45-B1162B83943A}
	EndGlobalSection
EndGlobal
